{
  "nodes": {
    "home-manager": {
      "inputs": {
        "nixpkgs": "nixpkgs"
      },
      "locked": {
        "lastModified": 1739676861,
        "narHash": "sha256-X86ptHMNVuu1Z9leL0YV2E/oxD2IgPYrYANPcvFYpNo=",
        "owner": "nix-community",
        "repo": "home-manager",
        "rev": "eb44c1601ed99896525e983bc9b15eb8b4d5879e",
        "type": "github"
      },
      "original": {
        "owner": "nix-community",
        "repo": "home-manager",
        "type": "github"
      }
    },
    "nixpkgs": {
      "locked": {
        "lastModified": 1739020877,
        "narHash": "sha256-mIvECo/NNdJJ/bXjNqIh8yeoSjVLAuDuTUzAo7dzs8Y=",
        "owner": "NixOS",
        "repo": "nixpkgs",
        "rev": "a79cfe0ebd24952b580b1cf08cd906354996d547",
        "type": "github"
      },
      "original": {
        "owner": "NixOS",
        "ref": "nixos-unstable",
        "repo": "nixpkgs",
        "type": "github"
      }
    },
    "nixpkgs_2": {
      "locked": {
        "lastModified": 1739715203,
        "narHash": "sha256-9z7tVZW+v1TtmEbajOP0L3+Hl5of8vyCdmaVtRpnXqo=",
        "owner": "NixOS",
        "repo": "nixpkgs",
        "rev": "64b5900cdf40961771647c23b3da13ebb8846311",
        "type": "github"
      },
      "original": {
        "owner": "NixOS",
        "repo": "nixpkgs",
        "type": "github"
      }
    },
    "root": {
      "inputs": {
        "home-manager": "home-manager",
        "nixpkgs": "nixpkgs_2"
      }
    }
  },
  "root": "root",
  "version": 7
}
